// !$*UTF8*$!
{
	archiveVersion = 1;
	classes = {
	};
	objectVersion = 46;
	objects = {

/* Begin PBXBuildFile section */
		ACA20F481C0B1A130017DCA9 /* main.cpp in Sources */ = {isa = PBXBuildFile; fileRef = ACA20F471C0B1A130017DCA9 /* main.cpp */; };
/* End PBXBuildFile section */

/* Begin PBXCopyFilesBuildPhase section */
		ACA20F421C0B1A130017DCA9 /* CopyFiles */ = {
			isa = PBXCopyFilesBuildPhase;
			buildActionMask = 2147483647;
			dstPath = /usr/share/man/man1/;
			dstSubfolderSpec = 0;
			files = (
			);
			runOnlyForDeploymentPostprocessing = 1;
		};
/* End PBXCopyFilesBuildPhase section */

/* Begin PBXFileReference section */
		ACA20F441C0B1A130017DCA9 /* ClientTest */ = {isa = PBXFileReference; explicitFileType = "compiled.mach-o.executable"; includeInIndex = 0; path = ClientTest; sourceTree = BUILT_PRODUCTS_DIR; };
		ACA20F471C0B1A130017DCA9 /* main.cpp */ = {isa = PBXFileReference; lastKnownFileType = sourcecode.cpp.cpp; path = main.cpp; sourceTree = "<group>"; };
/* End PBXFileReference section */

/* Begin PBXFrameworksBuildPhase section */
		ACA20F411C0B1A130017DCA9 /* Frameworks */ = {
			isa = PBXFrameworksBuildPhase;
			buildActionMask = 2147483647;
			files = (
			);
			runOnlyForDeploymentPostprocessing = 0;
		};
/* End PBXFrameworksBuildPhase section */

/* Begin PBXGroup section */
		ACA20F3B1C0B1A130017DCA9 = {
			isa = PBXGroup;
			children = (
				ACA20F461C0B1A130017DCA9 /* ClientTest */,
				ACA20F451C0B1A130017DCA9 /* Products */,
			);
			sourceTree = "<group>";
		};
		ACA20F451C0B1A130017DCA9 /* Products */ = {
			isa = PBXGroup;
			children = (
				ACA20F441C0B1A130017DCA9 /* ClientTest */,
			);
			name = Products;
			sourceTree = "<group>";
		};
		ACA20F461C0B1A130017DCA9 /* ClientTest */ = {
			isa = PBXGroup;
			children = (
				ACA20F471C0B1A130017DCA9 /* main.cpp */,
			);
			path = ClientTest;
			sourceTree = "<group>";
		};
/* End PBXGroup section */

/* Begin PBXNativeTarget section */
		ACA20F431C0B1A130017DCA9 /* ClientTest */ = {
			isa = PBXNativeTarget;
			buildConfigurationList = ACA20F4B1C0B1A130017DCA9 /* Build configuration list for PBXNativeTarget "ClientTest" */;
			buildPhases = (
				ACA20F401C0B1A130017DCA9 /* Sources */,
				ACA20F411C0B1A130017DCA9 /* Frameworks */,
				ACA20F421C0B1A130017DCA9 /* CopyFiles */,
			);
			buildRules = (
			);
			dependencies = (
			);
			name = ClientTest;
			productName = ClientTest;
			productReference = ACA20F441C0B1A130017DCA9 /* ClientTest */;
			productType = "com.apple.product-type.tool";
		};
/* End PBXNativeTarget section */

/* Begin PBXProject section */
		ACA20F3C1C0B1A130017DCA9 /* Project object */ = {
			isa = PBXProject;
			attributes = {
				LastUpgradeCheck = 0710;
				ORGANIZATIONNAME = Yanai;
				TargetAttributes = {
					ACA20F431C0B1A130017DCA9 = {
						CreatedOnToolsVersion = 7.1;
					};
				};
			};
			buildConfigurationList = ACA20F3F1C0B1A130017DCA9 /* Build configuration list for PBXProject "ClientTest" */;
			compatibilityVersion = "Xcode 3.2";
			developmentRegion = English;
			hasScannedForEncodings = 0;
			knownRegions = (
				en,
			);
			mainGroup = ACA20F3B1C0B1A130017DCA9;
			productRefGroup = ACA20F451C0B1A130017DCA9 /* Products */;
			projectDirPath = "";
			projectRoot = "";
			targets = (
				ACA20F431C0B1A130017DCA9 /* ClientTest */,
			);
		};
/* End PBXProject section */

/* Begin PBXSourcesBuildPhase section */
		ACA20F401C0B1A130017DCA9 /* Sources */ = {
			isa = PBXSourcesBuildPhase;
			buildActionMask = 2147483647;
			files = (
				ACA20F481C0B1A130017DCA9 /* main.cpp in Sources */,
			);
			runOnlyForDeploymentPostprocessing = 0;
		};
/* End PBXSourcesBuildPhase section */

/* Begin XCBuildConfiguration section */
		ACA20F491C0B1A130017DCA9 /* Debug */ = {
			isa = XCBuildConfiguration;
			buildSettings = {
				ALWAYS_SEARCH_USER_PATHS = NO;
				CLANG_CXX_LANGUAGE_STANDARD = "gnu++0x";
				CLANG_CXX_LIBRARY = "libc++";
				CLANG_ENABLE_MODULES = YES;
				CLANG_ENABLE_OBJC_ARC = YES;
				CLANG_WARN_BOOL_CONVERSION = YES;
				CLANG_WARN_CONSTANT_CONVERSION = YES;
				CLANG_WARN_DIRECT_OBJC_ISA_USAGE = YES_ERROR;
				CLANG_WARN_EMPTY_BODY = YES;
				CLANG_WARN_ENUM_CONVERSION = YES;
				CLANG_WARN_INT_CONVERSION = YES;
				CLANG_WARN_OBJC_ROOT_CLASS = YES_ERROR;
				CLANG_WARN_UNREACHABLE_CODE = YES;
				CLANG_WARN__DUPLICATE_METHOD_MATCH = YES;
				CODE_SIGN_IDENTITY = "-";
				COPY_PHASE_STRIP = NO;
				DEBUG_INFORMATION_FORMAT = dwarf;
				ENABLE_STRICT_OBJC_MSGSEND = YES;
				ENABLE_TESTABILITY = YES;
				GCC_C_LANGUAGE_STANDARD = gnu99;
				GCC_DYNAMIC_NO_PIC = NO;
				GCC_NO_COMMON_BLOCKS = YES;
				GCC_OPTIMIZATION_LEVEL = 0;
				GCC_PREPROCESSOR_DEFINITIONS = (
					"DEBUG=1",
					"$(inherited)",
				);
				GCC_WARN_64_TO_32_BIT_CONVERSION = YES;
				GCC_WARN_ABOUT_RETURN_TYPE = YES_ERROR;
				GCC_WARN_UNDECLARED_SELECTOR = YES;
				GCC_WARN_UNINITIALIZED_AUTOS = YES_AGGRESSIVE;
				GCC_WARN_UNUSED_FUNCTION = YES;
				GCC_WARN_UNUSED_VARIABLE = YES;
				MACOSX_DEPLOYMENT_TARGET = 10.10;
				MTL_ENABLE_DEBUG_INFO = YES;
				ONLY_ACTIVE_ARCH = YES;
				SDKROOT = macosx;
			};
			name = Debug;
		};
		ACA20F4A1C0B1A130017DCA9 /* Release */ = {
			isa = XCBuildConfiguration;
			buildSettings = {
				ALWAYS_SEARCH_USER_PATHS = NO;
				CLANG_CXX_LANGUAGE_STANDARD = "gnu++0x";
				CLANG_CXX_LIBRARY = "libc++";
				CLANG_ENABLE_MODULES = YES;
				CLANG_ENABLE_OBJC_ARC = YES;
				CLANG_WARN_BOOL_CONVERSION = YES;
				CLANG_WARN_CONSTANT_CONVERSION = YES;
				CLANG_WARN_DIRECT_OBJC_ISA_USAGE = YES_ERROR;
				CLANG_WARN_EMPTY_BODY = YES;
				CLANG_WARN_ENUM_CONVERSION = YES;
				CLANG_WARN_INT_CONVERSION = YES;
				CLANG_WARN_OBJC_ROOT_CLASS = YES_ERROR;
				CLANG_WARN_UNREACHABLE_CODE = YES;
				CLANG_WARN__DUPLICATE_METHOD_MATCH = YES;
				CODE_SIGN_IDENTITY = "-";
				COPY_PHASE_STRIP = NO;
				DEBUG_INFORMATION_FORMAT = "dwarf-with-dsym";
				ENABLE_NS_ASSERTIONS = NO;
				ENABLE_STRICT_OBJC_MSGSEND = YES;
				GCC_C_LANGUAGE_STANDARD = gnu99;
				GCC_NO_COMMON_BLOCKS = YES;
				GCC_WARN_64_TO_32_BIT_CONVERSION = YES;
				GCC_WARN_ABOUT_RETURN_TYPE = YES_ERROR;
				GCC_WARN_UNDECLARED_SELECTOR = YES;
				GCC_WARN_UNINITIALIZED_AUTOS = YES_AGGRESSIVE;
				GCC_WARN_UNUSED_FUNCTION = YES;
				GCC_WARN_UNUSED_VARIABLE = YES;
				MACOSX_DEPLOYMENT_TARGET = 10.10;
				MTL_ENABLE_DEBUG_INFO = NO;
				SDKROOT = macosx;
			};
			name = Release;
		};
		ACA20F4C1C0B1A130017DCA9 /* Debug */ = {
			isa = XCBuildConfiguration;
			buildSettings = {
				PRODUCT_NAME = "$(TARGET_NAME)";
			};
			name = Debug;
		};
		ACA20F4D1C0B1A130017DCA9 /* Release */ = {
			isa = XCBuildConfiguration;
			buildSettings = {
				PRODUCT_NAME = "$(TARGET_NAME)";
			};
			name = Release;
		};
/* End XCBuildConfiguration section */

/* Begin XCConfigurationList section */
		ACA20F3F1C0B1A130017DCA9 /* Build configuration list for PBXProject "ClientTest" */ = {
			isa = XCConfigurationList;
			buildConfigurations = (
				ACA20F491C0B1A130017DCA9 /* Debug */,
				ACA20F4A1C0B1A130017DCA9 /* Release */,
			);
			defaultConfigurationIsVisible = 0;
			defaultConfigurationName = Release;
		};
		ACA20F4B1C0B1A130017DCA9 /* Build configuration list for PBXNativeTarget "ClientTest" */ = {
			isa = XCConfigurationList;
			buildConfigurations = (
				ACA20F4C1C0B1A130017DCA9 /* Debug */,
				ACA20F4D1C0B1A130017DCA9 /* Release */,
			);
			defaultConfigurationIsVisible = 0;
		};
/* End XCConfigurationList section */
	};
	rootObject = ACA20F3C1C0B1A130017DCA9 /* Project object */;
}
